// !$*UTF8*$!
{
	archiveVersion = 1;
	classes = {
	};
	objectVersion = 55;
	objects = {

/* Begin PBXBuildFile section */
		874C98B5285AC2C0001D30E8 /* AppDelegate.swift in Sources */ = {isa = PBXBuildFile; fileRef = 874C98B4285AC2C0001D30E8 /* AppDelegate.swift */; };
		874C98B7285AC2C0001D30E8 /* SceneDelegate.swift in Sources */ = {isa = PBXBuildFile; fileRef = 874C98B6285AC2C0001D30E8 /* SceneDelegate.swift */; };
		874C98B9285AC2C0001D30E8 /* ViewController.swift in Sources */ = {isa = PBXBuildFile; fileRef = 874C98B8285AC2C0001D30E8 /* ViewController.swift */; };
		874C98BC285AC2C0001D30E8 /* Main.storyboard in Resources */ = {isa = PBXBuildFile; fileRef = 874C98BA285AC2C0001D30E8 /* Main.storyboard */; };
		874C98BE285AC2C2001D30E8 /* Assets.xcassets in Resources */ = {isa = PBXBuildFile; fileRef = 874C98BD285AC2C2001D30E8 /* Assets.xcassets */; };
		874C98C1285AC2C2001D30E8 /* LaunchScreen.storyboard in Resources */ = {isa = PBXBuildFile; fileRef = 874C98BF285AC2C2001D30E8 /* LaunchScreen.storyboard */; };
		874C98C9285AC46F001D30E8 /* TableViewCell.swift in Sources */ = {isa = PBXBuildFile; fileRef = 874C98C8285AC46F001D30E8 /* TableViewCell.swift */; };
		874C98CB285ACE27001D30E8 /* SecondViewController.swift in Sources */ = {isa = PBXBuildFile; fileRef = 874C98CA285ACE27001D30E8 /* SecondViewController.swift */; };
		874C98CD285AD03E001D30E8 /* ToDoList.swift in Sources */ = {isa = PBXBuildFile; fileRef = 874C98CC285AD03E001D30E8 /* ToDoList.swift */; };
/* End PBXBuildFile section */

/* Begin PBXFileReference section */
		874C98B1285AC2C0001D30E8 /* Dayfourtodolist.app */ = {isa = PBXFileReference; explicitFileType = wrapper.application; includeInIndex = 0; path = Dayfourtodolist.app; sourceTree = BUILT_PRODUCTS_DIR; };
		874C98B4285AC2C0001D30E8 /* AppDelegate.swift */ = {isa = PBXFileReference; lastKnownFileType = sourcecode.swift; path = AppDelegate.swift; sourceTree = "<group>"; };
		874C98B6285AC2C0001D30E8 /* SceneDelegate.swift */ = {isa = PBXFileReference; lastKnownFileType = sourcecode.swift; path = SceneDelegate.swift; sourceTree = "<group>"; };
		874C98B8285AC2C0001D30E8 /* ViewController.swift */ = {isa = PBXFileReference; lastKnownFileType = sourcecode.swift; path = ViewController.swift; sourceTree = "<group>"; };
		874C98BB285AC2C0001D30E8 /* Base */ = {isa = PBXFileReference; lastKnownFileType = file.storyboard; name = Base; path = Base.lproj/Main.storyboard; sourceTree = "<group>"; };
		874C98BD285AC2C2001D30E8 /* Assets.xcassets */ = {isa = PBXFileReference; lastKnownFileType = folder.assetcatalog; path = Assets.xcassets; sourceTree = "<group>"; };
		874C98C0285AC2C2001D30E8 /* Base */ = {isa = PBXFileReference; lastKnownFileType = file.storyboard; name = Base; path = Base.lproj/LaunchScreen.storyboard; sourceTree = "<group>"; };
		874C98C2285AC2C2001D30E8 /* Info.plist */ = {isa = PBXFileReference; lastKnownFileType = text.plist.xml; path = Info.plist; sourceTree = "<group>"; };
		874C98C8285AC46F001D30E8 /* TableViewCell.swift */ = {isa = PBXFileReference; lastKnownFileType = sourcecode.swift; path = TableViewCell.swift; sourceTree = "<group>"; };
		874C98CA285ACE27001D30E8 /* SecondViewController.swift */ = {isa = PBXFileReference; lastKnownFileType = sourcecode.swift; path = SecondViewController.swift; sourceTree = "<group>"; };
		874C98CC285AD03E001D30E8 /* ToDoList.swift */ = {isa = PBXFileReference; lastKnownFileType = sourcecode.swift; path = ToDoList.swift; sourceTree = "<group>"; };
/* End PBXFileReference section */

/* Begin PBXFrameworksBuildPhase section */
		874C98AE285AC2C0001D30E8 /* Frameworks */ = {
			isa = PBXFrameworksBuildPhase;
			buildActionMask = 2147483647;
			files = (
			);
			runOnlyForDeploymentPostprocessing = 0;
		};
/* End PBXFrameworksBuildPhase section */

/* Begin PBXGroup section */
		874C98A8285AC2C0001D30E8 = {
			isa = PBXGroup;
			children = (
				874C98B3285AC2C0001D30E8 /* Dayfourtodolist */,
				874C98B2285AC2C0001D30E8 /* Products */,
			);
			sourceTree = "<group>";
		};
		874C98B2285AC2C0001D30E8 /* Products */ = {
			isa = PBXGroup;
			children = (
				874C98B1285AC2C0001D30E8 /* Dayfourtodolist.app */,
			);
			name = Products;
			sourceTree = "<group>";
		};
		874C98B3285AC2C0001D30E8 /* Dayfourtodolist */ = {
			isa = PBXGroup;
			children = (
				874C98B4285AC2C0001D30E8 /* AppDelegate.swift */,
				874C98B6285AC2C0001D30E8 /* SceneDelegate.swift */,
				874C98B8285AC2C0001D30E8 /* ViewController.swift */,
				874C98CA285ACE27001D30E8 /* SecondViewController.swift */,
				874C98BA285AC2C0001D30E8 /* Main.storyboard */,
				874C98C8285AC46F001D30E8 /* TableViewCell.swift */,
				874C98BD285AC2C2001D30E8 /* Assets.xcassets */,
				874C98BF285AC2C2001D30E8 /* LaunchScreen.storyboard */,
				874C98C2285AC2C2001D30E8 /* Info.plist */,
				874C98CC285AD03E001D30E8 /* ToDoList.swift */,
			);
			path = Dayfourtodolist;
			sourceTree = "<group>";
		};
/* End PBXGroup section */

/* Begin PBXNativeTarget section */
		874C98B0285AC2C0001D30E8 /* Dayfourtodolist */ = {
			isa = PBXNativeTarget;
			buildConfigurationList = 874C98C5285AC2C2001D30E8 /* Build configuration list for PBXNativeTarget "Dayfourtodolist" */;
			buildPhases = (
				874C98AD285AC2C0001D30E8 /* Sources */,
				874C98AE285AC2C0001D30E8 /* Frameworks */,
				874C98AF285AC2C0001D30E8 /* Resources */,
			);
			buildRules = (
			);
			dependencies = (
			);
			name = Dayfourtodolist;
			productName = Dayfourtodolist;
			productReference = 874C98B1285AC2C0001D30E8 /* Dayfourtodolist.app */;
			productType = "com.apple.product-type.application";
		};
/* End PBXNativeTarget section */

/* Begin PBXProject section */
		874C98A9285AC2C0001D30E8 /* Project object */ = {
			isa = PBXProject;
			attributes = {
				BuildIndependentTargetsInParallel = 1;
				LastSwiftUpdateCheck = 1330;
				LastUpgradeCheck = 1330;
				TargetAttributes = {
					874C98B0285AC2C0001D30E8 = {
						CreatedOnToolsVersion = 13.3.1;
					};
				};
			};
			buildConfigurationList = 874C98AC285AC2C0001D30E8 /* Build configuration list for PBXProject "Dayfourtodolist" */;
			compatibilityVersion = "Xcode 13.0";
			developmentRegion = en;
			hasScannedForEncodings = 0;
			knownRegions = (
				en,
				Base,
			);
			mainGroup = 874C98A8285AC2C0001D30E8;
			productRefGroup = 874C98B2285AC2C0001D30E8 /* Products */;
			projectDirPath = "";
			projectRoot = "";
			targets = (
				874C98B0285AC2C0001D30E8 /* Dayfourtodolist */,
			);
		};
/* End PBXProject section */

/* Begin PBXResourcesBuildPhase section */
		874C98AF285AC2C0001D30E8 /* Resources */ = {
			isa = PBXResourcesBuildPhase;
			buildActionMask = 2147483647;
			files = (
				874C98C1285AC2C2001D30E8 /* LaunchScreen.storyboard in Resources */,
				874C98BE285AC2C2001D30E8 /* Assets.xcassets in Resources */,
				874C98BC285AC2C0001D30E8 /* Main.storyboard in Resources */,
			);
			runOnlyForDeploymentPostprocessing = 0;
		};
/* End PBXResourcesBuildPhase section */

/* Begin PBXSourcesBuildPhase section */
		874C98AD285AC2C0001D30E8 /* Sources */ = {
			isa = PBXSourcesBuildPhase;
			buildActionMask = 2147483647;
			files = (
				874C98B9285AC2C0001D30E8 /* ViewController.swift in Sources */,
				874C98CD285AD03E001D30E8 /* ToDoList.swift in Sources */,
				874C98C9285AC46F001D30E8 /* TableViewCell.swift in Sources */,
				874C98B5285AC2C0001D30E8 /* AppDelegate.swift in Sources */,
				874C98CB285ACE27001D30E8 /* SecondViewController.swift in Sources */,
				874C98B7285AC2C0001D30E8 /* SceneDelegate.swift in Sources */,
			);
			runOnlyForDeploymentPostprocessing = 0;
		};
/* End PBXSourcesBuildPhase section */

/* Begin PBXVariantGroup section */
		874C98BA285AC2C0001D30E8 /* Main.storyboard */ = {
			isa = PBXVariantGroup;
			children = (
				874C98BB285AC2C0001D30E8 /* Base */,
			);
			name = Main.storyboard;
			sourceTree = "<group>";
		};
		874C98BF285AC2C2001D30E8 /* LaunchScreen.storyboard */ = {
			isa = PBXVariantGroup;
			children = (
				874C98C0285AC2C2001D30E8 /* Base */,
			);
			name = LaunchScreen.storyboard;
			sourceTree = "<group>";
		};
/* End PBXVariantGroup section */

/* Begin XCBuildConfiguration section */
		874C98C3285AC2C2001D30E8 /* Debug */ = {
			isa = XCBuildConfiguration;
			buildSettings = {
				ALWAYS_SEARCH_USER_PATHS = NO;
				CLANG_ANALYZER_NONNULL = YES;
				CLANG_ANALYZER_NUMBER_OBJECT_CONVERSION = YES_AGGRESSIVE;
				CLANG_CXX_LANGUAGE_STANDARD = "gnu++17";
				CLANG_ENABLE_MODULES = YES;
				CLANG_ENABLE_OBJC_ARC = YES;
				CLANG_ENABLE_OBJC_WEAK = YES;
				CLANG_WARN_BLOCK_CAPTURE_AUTORELEASING = YES;
				CLANG_WARN_BOOL_CONVERSION = YES;
				CLANG_WARN_COMMA = YES;
				CLANG_WARN_CONSTANT_CONVERSION = YES;
				CLANG_WARN_DEPRECATED_OBJC_IMPLEMENTATIONS = YES;
				CLANG_WARN_DIRECT_OBJC_ISA_USAGE = YES_ERROR;
				CLANG_WARN_DOCUMENTATION_COMMENTS = YES;
				CLANG_WARN_EMPTY_BODY = YES;
				CLANG_WARN_ENUM_CONVERSION = YES;
				CLANG_WARN_INFINITE_RECURSION = YES;
				CLANG_WARN_INT_CONVERSION = YES;
				CLANG_WARN_NON_LITERAL_NULL_CONVERSION = YES;
				CLANG_WARN_OBJC_IMPLICIT_RETAIN_SELF = YES;
				CLANG_WARN_OBJC_LITERAL_CONVERSION = YES;
				CLANG_WARN_OBJC_ROOT_CLASS = YES_ERROR;
				CLANG_WARN_QUOTED_INCLUDE_IN_FRAMEWORK_HEADER = YES;
				CLANG_WARN_RANGE_LOOP_ANALYSIS = YES;
				CLANG_WARN_STRICT_PROTOTYPES = YES;
				CLANG_WARN_SUSPICIOUS_MOVE = YES;
				CLANG_WARN_UNGUARDED_AVAILABILITY = YES_AGGRESSIVE;
				CLANG_WARN_UNREACHABLE_CODE = YES;
				CLANG_WARN__DUPLICATE_METHOD_MATCH = YES;
				COPY_PHASE_STRIP = NO;
				DEBUG_INFORMATION_FORMAT = dwarf;
				ENABLE_STRICT_OBJC_MSGSEND = YES;
				ENABLE_TESTABILITY = YES;
				GCC_C_LANGUAGE_STANDARD = gnu11;
				GCC_DYNAMIC_NO_PIC = NO;
				GCC_NO_COMMON_BLOCKS = YES;
				GCC_OPTIMIZATION_LEVEL = 0;
				GCC_PREPROCESSOR_DEFINITIONS = (
					"DEBUG=1",
					"$(inherited)",
				);
				GCC_WARN_64_TO_32_BIT_CONVERSION = YES;
				GCC_WARN_ABOUT_RETURN_TYPE = YES_ERROR;
				GCC_WARN_UNDECLARED_SELECTOR = YES;
				GCC_WARN_UNINITIALIZED_AUTOS = YES_AGGRESSIVE;
				GCC_WARN_UNUSED_FUNCTION = YES;
				GCC_WARN_UNUSED_VARIABLE = YES;
				IPHONEOS_DEPLOYMENT_TARGET = 15.4;
				MTL_ENABLE_DEBUG_INFO = INCLUDE_SOURCE;
				MTL_FAST_MATH = YES;
				ONLY_ACTIVE_ARCH = YES;
				SDKROOT = iphoneos;
				SWIFT_ACTIVE_COMPILATION_CONDITIONS = DEBUG;
				SWIFT_OPTIMIZATION_LEVEL = "-Onone";
			};
			name = Debug;
		};
		874C98C4285AC2C2001D30E8 /* Release */ = {
			isa = XCBuildConfiguration;
			buildSettings = {
				ALWAYS_SEARCH_USER_PATHS = NO;
				CLANG_ANALYZER_NONNULL = YES;
				CLANG_ANALYZER_NUMBER_OBJECT_CONVERSION = YES_AGGRESSIVE;
				CLANG_CXX_LANGUAGE_STANDARD = "gnu++17";
				CLANG_ENABLE_MODULES = YES;
				CLANG_ENABLE_OBJC_ARC = YES;
				CLANG_ENABLE_OBJC_WEAK = YES;
				CLANG_WARN_BLOCK_CAPTURE_AUTORELEASING = YES;
				CLANG_WARN_BOOL_CONVERSION = YES;
				CLANG_WARN_COMMA = YES;
				CLANG_WARN_CONSTANT_CONVERSION = YES;
				CLANG_WARN_DEPRECATED_OBJC_IMPLEMENTATIONS = YES;
				CLANG_WARN_DIRECT_OBJC_ISA_USAGE = YES_ERROR;
				CLANG_WARN_DOCUMENTATION_COMMENTS = YES;
				CLANG_WARN_EMPTY_BODY = YES;
				CLANG_WARN_ENUM_CONVERSION = YES;
				CLANG_WARN_INFINITE_RECURSION = YES;
				CLANG_WARN_INT_CONVERSION = YES;
				CLANG_WARN_NON_LITERAL_NULL_CONVERSION = YES;
				CLANG_WARN_OBJC_IMPLICIT_RETAIN_SELF = YES;
				CLANG_WARN_OBJC_LITERAL_CONVERSION = YES;
				CLANG_WARN_OBJC_ROOT_CLASS = YES_ERROR;
				CLANG_WARN_QUOTED_INCLUDE_IN_FRAMEWORK_HEADER = YES;
				CLANG_WARN_RANGE_LOOP_ANALYSIS = YES;
				CLANG_WARN_STRICT_PROTOTYPES = YES;
				CLANG_WARN_SUSPICIOUS_MOVE = YES;
				CLANG_WARN_UNGUARDED_AVAILABILITY = YES_AGGRESSIVE;
				CLANG_WARN_UNREACHABLE_CODE = YES;
				CLANG_WARN__DUPLICATE_METHOD_MATCH = YES;
				COPY_PHASE_STRIP = NO;
				DEBUG_INFORMATION_FORMAT = "dwarf-with-dsym";
				ENABLE_NS_ASSERTIONS = NO;
				ENABLE_STRICT_OBJC_MSGSEND = YES;
				GCC_C_LANGUAGE_STANDARD = gnu11;
				GCC_NO_COMMON_BLOCKS = YES;
				GCC_WARN_64_TO_32_BIT_CONVERSION = YES;
				GCC_WARN_ABOUT_RETURN_TYPE = YES_ERROR;
				GCC_WARN_UNDECLARED_SELECTOR = YES;
				GCC_WARN_UNINITIALIZED_AUTOS = YES_AGGRESSIVE;
				GCC_WARN_UNUSED_FUNCTION = YES;
				GCC_WARN_UNUSED_VARIABLE = YES;
				IPHONEOS_DEPLOYMENT_TARGET = 15.4;
				MTL_ENABLE_DEBUG_INFO = NO;
				MTL_FAST_MATH = YES;
				SDKROOT = iphoneos;
				SWIFT_COMPILATION_MODE = wholemodule;
				SWIFT_OPTIMIZATION_LEVEL = "-O";
				VALIDATE_PRODUCT = YES;
			};
			name = Release;
		};
		874C98C6285AC2C2001D30E8 /* Debug */ = {
			isa = XCBuildConfiguration;
			buildSettings = {
				ASSETCATALOG_COMPILER_APPICON_NAME = AppIcon;
				ASSETCATALOG_COMPILER_GLOBAL_ACCENT_COLOR_NAME = AccentColor;
				CODE_SIGN_STYLE = Automatic;
				CURRENT_PROJECT_VERSION = 1;
				GENERATE_INFOPLIST_FILE = YES;
				INFOPLIST_FILE = Dayfourtodolist/Info.plist;
				INFOPLIST_KEY_UIApplicationSupportsIndirectInputEvents = YES;
				INFOPLIST_KEY_UILaunchStoryboardName = LaunchScreen;
				INFOPLIST_KEY_UIMainStoryboardFile = Main;
				INFOPLIST_KEY_UISupportedInterfaceOrientations_iPad = "UIInterfaceOrientationPortrait UIInterfaceOrientationPortraitUpsideDown UIInterfaceOrientationLandscapeLeft UIInterfaceOrientationLandscapeRight";
				INFOPLIST_KEY_UISupportedInterfaceOrientations_iPhone = "UIInterfaceOrientationPortrait UIInterfaceOrientationLandscapeLeft UIInterfaceOrientationLandscapeRight";
				LD_RUNPATH_SEARCH_PATHS = (
					"$(inherited)",
					"@executable_path/Frameworks",
				);
				MARKETING_VERSION = 1.0;
				PRODUCT_BUNDLE_IDENTIFIER = com.ocbcnisp.Dayfourtodolist;
				PRODUCT_NAME = "$(TARGET_NAME)";
				SWIFT_EMIT_LOC_STRINGS = YES;
				SWIFT_VERSION = 5.0;
				TARGETED_DEVICE_FAMILY = "1,2";
			};
			name = Debug;
		};
		874C98C7285AC2C2001D30E8 /* Release */ = {
			isa = XCBuildConfiguration;
			buildSettings = {
				ASSETCATALOG_COMPILER_APPICON_NAME = AppIcon;
				ASSETCATALOG_COMPILER_GLOBAL_ACCENT_COLOR_NAME = AccentColor;
				CODE_SIGN_STYLE = Automatic;
				CURRENT_PROJECT_VERSION = 1;
				GENERATE_INFOPLIST_FILE = YES;
				INFOPLIST_FILE = Dayfourtodolist/Info.plist;
				INFOPLIST_KEY_UIApplicationSupportsIndirectInputEvents = YES;
				INFOPLIST_KEY_UILaunchStoryboardName = LaunchScreen;
				INFOPLIST_KEY_UIMainStoryboardFile = Main;
				INFOPLIST_KEY_UISupportedInterfaceOrientations_iPad = "UIInterfaceOrientationPortrait UIInterfaceOrientationPortraitUpsideDown UIInterfaceOrientationLandscapeLeft UIInterfaceOrientationLandscapeRight";
				INFOPLIST_KEY_UISupportedInterfaceOrientations_iPhone = "UIInterfaceOrientationPortrait UIInterfaceOrientationLandscapeLeft UIInterfaceOrientationLandscapeRight";
				LD_RUNPATH_SEARCH_PATHS = (
					"$(inherited)",
					"@executable_path/Frameworks",
				);
				MARKETING_VERSION = 1.0;
				PRODUCT_BUNDLE_IDENTIFIER = com.ocbcnisp.Dayfourtodolist;
				PRODUCT_NAME = "$(TARGET_NAME)";
				SWIFT_EMIT_LOC_STRINGS = YES;
				SWIFT_VERSION = 5.0;
				TARGETED_DEVICE_FAMILY = "1,2";
			};
			name = Release;
		};
/* End XCBuildConfiguration section */

/* Begin XCConfigurationList section */
		874C98AC285AC2C0001D30E8 /* Build configuration list for PBXProject "Dayfourtodolist" */ = {
			isa = XCConfigurationList;
			buildConfigurations = (
				874C98C3285AC2C2001D30E8 /* Debug */,
				874C98C4285AC2C2001D30E8 /* Release */,
			);
			defaultConfigurationIsVisible = 0;
			defaultConfigurationName = Release;
		};
		874C98C5285AC2C2001D30E8 /* Build configuration list for PBXNativeTarget "Dayfourtodolist" */ = {
			isa = XCConfigurationList;
			buildConfigurations = (
				874C98C6285AC2C2001D30E8 /* Debug */,
				874C98C7285AC2C2001D30E8 /* Release */,
			);
			defaultConfigurationIsVisible = 0;
			defaultConfigurationName = Release;
		};
/* End XCConfigurationList section */
	};
	rootObject = 874C98A9285AC2C0001D30E8 /* Project object */;
}
